
Microsoft Visual Studio Solution File, Format Version 12.00
# Visual Studio 2012
Project("{FAE04EC0-301F-11D3-BF4B-00C04F79EFBC}") = "IvanovBand.Domain", "IvanovBand.Domain\IvanovBand.Domain.csproj", "{AE014071-A2AF-4DDF-8C9D-12C24D0025E1}"
EndProject
Project("{FAE04EC0-301F-11D3-BF4B-00C04F79EFBC}") = "IvanovBand.WebUI", "IvanovBand.WebUI\IvanovBand.WebUI.csproj", "{B9861BF8-4726-43C1-B272-37FF64E6B37C}"
EndProject
Global
	GlobalSection(TeamFoundationVersionControl) = preSolution
		SccNumberOfProjects = 3
		SccEnterpriseProvider = {4CA58AB2-18FA-4F8D-95D4-32DDF27D184C}
		SccTeamFoundationServer = https://opiumtfs.visualstudio.com/defaultcollection
		SccLocalPath0 = .
		SccProjectUniqueName1 = IvanovBand.Domain\\IvanovBand.Domain.csproj
		SccProjectName1 = IvanovBand.Domain
		SccLocalPath1 = IvanovBand.Domain
		SccProjectUniqueName2 = IvanovBand.WebUI\\IvanovBand.WebUI.csproj
		SccProjectName2 = IvanovBand.WebUI
		SccLocalPath2 = IvanovBand.WebUI
	EndGlobalSection
	GlobalSection(SolutionConfigurationPlatforms) = preSolution
		Debug|Any CPU = Debug|Any CPU
		Release|Any CPU = Release|Any CPU
	EndGlobalSection
	GlobalSection(ProjectConfigurationPlatforms) = postSolution
		{AE014071-A2AF-4DDF-8C9D-12C24D0025E1}.Debug|Any CPU.ActiveCfg = Debug|Any CPU
		{AE014071-A2AF-4DDF-8C9D-12C24D0025E1}.Debug|Any CPU.Build.0 = Debug|Any CPU
		{AE014071-A2AF-4DDF-8C9D-12C24D0025E1}.Release|Any CPU.ActiveCfg = Release|Any CPU
		{AE014071-A2AF-4DDF-8C9D-12C24D0025E1}.Release|Any CPU.Build.0 = Release|Any CPU
		{B9861BF8-4726-43C1-B272-37FF64E6B37C}.Debug|Any CPU.ActiveCfg = Debug|Any CPU
		{B9861BF8-4726-43C1-B272-37FF64E6B37C}.Debug|Any CPU.Build.0 = Debug|Any CPU
		{B9861BF8-4726-43C1-B272-37FF64E6B37C}.Release|Any CPU.ActiveCfg = Release|Any CPU
		{B9861BF8-4726-43C1-B272-37FF64E6B37C}.Release|Any CPU.Build.0 = Release|Any CPU
	EndGlobalSection
	GlobalSection(SolutionProperties) = preSolution
		HideSolutionNode = FALSE
	EndGlobalSection
EndGlobal
